
Microsoft Visual Studio Solution File, Format Version 11.00
# Visual Studio 2010
Project("{FAE04EC0-301F-11D3-BF4B-00C04F79EFBC}") = "DigitalImage", "DigitalImage\DigitalImage.csproj", "{BEE1BBF4-658E-4FFC-A5BB-17A710D132D3}"
EndProject
Global
	GlobalSection(SolutionConfigurationPlatforms) = preSolution
		Debug|x86 = Debug|x86
		Release|x86 = Release|x86
	EndGlobalSection
	GlobalSection(ProjectConfigurationPlatforms) = postSolution
		{BEE1BBF4-658E-4FFC-A5BB-17A710D132D3}.Debug|x86.ActiveCfg = Debug|x86
		{BEE1BBF4-658E-4FFC-A5BB-17A710D132D3}.Debug|x86.Build.0 = Debug|x86
		{BEE1BBF4-658E-4FFC-A5BB-17A710D132D3}.Release|x86.ActiveCfg = Release|x86
		{BEE1BBF4-658E-4FFC-A5BB-17A710D132D3}.Release|x86.Build.0 = Release|x86
	EndGlobalSection
	GlobalSection(SolutionProperties) = preSolution
		HideSolutionNode = FALSE
	EndGlobalSection
EndGlobal
